// !$*UTF8*$!
{
	archiveVersion = 1;
	classes = {
	};
	objectVersion = 46;
	objects = {

/* Begin PBXBuildFile section */
		113D14E41ECF2390001A9DF7 /* AppDelegate.swift in Sources */ = {isa = PBXBuildFile; fileRef = 113D14E31ECF2390001A9DF7 /* AppDelegate.swift */; };
		113D14E91ECF2390001A9DF7 /* Main.storyboard in Resources */ = {isa = PBXBuildFile; fileRef = 113D14E71ECF2390001A9DF7 /* Main.storyboard */; };
		113D14EB1ECF2390001A9DF7 /* Assets.xcassets in Resources */ = {isa = PBXBuildFile; fileRef = 113D14EA1ECF2390001A9DF7 /* Assets.xcassets */; };
		113D14EE1ECF2390001A9DF7 /* LaunchScreen.storyboard in Resources */ = {isa = PBXBuildFile; fileRef = 113D14EC1ECF2390001A9DF7 /* LaunchScreen.storyboard */; };
		113D14F71ECF23E1001A9DF7 /* HomeTableViewController.swift in Sources */ = {isa = PBXBuildFile; fileRef = 113D14F61ECF23E1001A9DF7 /* HomeTableViewController.swift */; };
		113D14FA1ECF2470001A9DF7 /* Programer.swift in Sources */ = {isa = PBXBuildFile; fileRef = 113D14F91ECF2470001A9DF7 /* Programer.swift */; };
		113D14FD1ECF3E12001A9DF7 /* Strip.swift in Sources */ = {isa = PBXBuildFile; fileRef = 113D14FC1ECF3E12001A9DF7 /* Strip.swift */; };
		119244641ED6718200C5347E /* Extension.swift in Sources */ = {isa = PBXBuildFile; fileRef = 119244631ED6718200C5347E /* Extension.swift */; };
		11F79CE31ED4723A007F68E4 /* StripTableViewCell.swift in Sources */ = {isa = PBXBuildFile; fileRef = 11F79CE21ED4723A007F68E4 /* StripTableViewCell.swift */; };
		89AC711EE4B86C2E29C0F2DB /* Pods_Programador.framework in Frameworks */ = {isa = PBXBuildFile; fileRef = C29D1BE921ACBD2EBD2F5F75 /* Pods_Programador.framework */; };
/* End PBXBuildFile section */

/* Begin PBXFileReference section */
		04F61A652571335A2743133D /* Pods-Programador.release.xcconfig */ = {isa = PBXFileReference; includeInIndex = 1; lastKnownFileType = text.xcconfig; name = "Pods-Programador.release.xcconfig"; path = "Pods/Target Support Files/Pods-Programador/Pods-Programador.release.xcconfig"; sourceTree = "<group>"; };
		113D14E01ECF2390001A9DF7 /* Programador.app */ = {isa = PBXFileReference; explicitFileType = wrapper.application; includeInIndex = 0; path = Programador.app; sourceTree = BUILT_PRODUCTS_DIR; };
		113D14E31ECF2390001A9DF7 /* AppDelegate.swift */ = {isa = PBXFileReference; lastKnownFileType = sourcecode.swift; path = AppDelegate.swift; sourceTree = "<group>"; };
		113D14E81ECF2390001A9DF7 /* Base */ = {isa = PBXFileReference; lastKnownFileType = file.storyboard; name = Base; path = Base.lproj/Main.storyboard; sourceTree = "<group>"; };
		113D14EA1ECF2390001A9DF7 /* Assets.xcassets */ = {isa = PBXFileReference; lastKnownFileType = folder.assetcatalog; path = Assets.xcassets; sourceTree = "<group>"; };
		113D14ED1ECF2390001A9DF7 /* Base */ = {isa = PBXFileReference; lastKnownFileType = file.storyboard; name = Base; path = Base.lproj/LaunchScreen.storyboard; sourceTree = "<group>"; };
		113D14EF1ECF2390001A9DF7 /* Info.plist */ = {isa = PBXFileReference; lastKnownFileType = text.plist.xml; path = Info.plist; sourceTree = "<group>"; };
		113D14F61ECF23E1001A9DF7 /* HomeTableViewController.swift */ = {isa = PBXFileReference; fileEncoding = 4; lastKnownFileType = sourcecode.swift; name = HomeTableViewController.swift; path = Home/HomeTableViewController.swift; sourceTree = "<group>"; };
		113D14F91ECF2470001A9DF7 /* Programer.swift */ = {isa = PBXFileReference; fileEncoding = 4; lastKnownFileType = sourcecode.swift; name = Programer.swift; path = Network/Programer.swift; sourceTree = "<group>"; };
		113D14FC1ECF3E12001A9DF7 /* Strip.swift */ = {isa = PBXFileReference; fileEncoding = 4; lastKnownFileType = sourcecode.swift; name = Strip.swift; path = Network/Model/Strip.swift; sourceTree = "<group>"; };
		116471B51ED7523B005AEBA4 /* Programador.entitlements */ = {isa = PBXFileReference; lastKnownFileType = text.plist.entitlements; path = Programador.entitlements; sourceTree = "<group>"; };
		119244631ED6718200C5347E /* Extension.swift */ = {isa = PBXFileReference; fileEncoding = 4; lastKnownFileType = sourcecode.swift; name = Extension.swift; path = Extension/Extension.swift; sourceTree = "<group>"; };
		11F79CE21ED4723A007F68E4 /* StripTableViewCell.swift */ = {isa = PBXFileReference; fileEncoding = 4; lastKnownFileType = sourcecode.swift; name = StripTableViewCell.swift; path = Home/Cell/StripTableViewCell.swift; sourceTree = "<group>"; };
		50CA44CB8A5F02FB70F1B029 /* Pods-Programador.debug.xcconfig */ = {isa = PBXFileReference; includeInIndex = 1; lastKnownFileType = text.xcconfig; name = "Pods-Programador.debug.xcconfig"; path = "Pods/Target Support Files/Pods-Programador/Pods-Programador.debug.xcconfig"; sourceTree = "<group>"; };
		C29D1BE921ACBD2EBD2F5F75 /* Pods_Programador.framework */ = {isa = PBXFileReference; explicitFileType = wrapper.framework; includeInIndex = 0; path = Pods_Programador.framework; sourceTree = BUILT_PRODUCTS_DIR; };
/* End PBXFileReference section */

/* Begin PBXFrameworksBuildPhase section */
		113D14DD1ECF2390001A9DF7 /* Frameworks */ = {
			isa = PBXFrameworksBuildPhase;
			buildActionMask = 2147483647;
			files = (
				89AC711EE4B86C2E29C0F2DB /* Pods_Programador.framework in Frameworks */,
			);
			runOnlyForDeploymentPostprocessing = 0;
		};
/* End PBXFrameworksBuildPhase section */

/* Begin PBXGroup section */
		113D14D71ECF2390001A9DF7 = {
			isa = PBXGroup;
			children = (
				113D14E21ECF2390001A9DF7 /* Programador */,
				113D14E11ECF2390001A9DF7 /* Products */,
				8A21E5D25D0A7262FBE18D0A /* Pods */,
				188F25F25913460703FE8412 /* Frameworks */,
			);
			sourceTree = "<group>";
		};
		113D14E11ECF2390001A9DF7 /* Products */ = {
			isa = PBXGroup;
			children = (
				113D14E01ECF2390001A9DF7 /* Programador.app */,
			);
			name = Products;
			sourceTree = "<group>";
		};
		113D14E21ECF2390001A9DF7 /* Programador */ = {
			isa = PBXGroup;
			children = (
				116471B51ED7523B005AEBA4 /* Programador.entitlements */,
				119244601ED6710100C5347E /* Extension */,
				113D14F81ECF242C001A9DF7 /* Network */,
				113D14F51ECF23C6001A9DF7 /* Home */,
				113D14E31ECF2390001A9DF7 /* AppDelegate.swift */,
				113D14E71ECF2390001A9DF7 /* Main.storyboard */,
				113D14EA1ECF2390001A9DF7 /* Assets.xcassets */,
				113D14EC1ECF2390001A9DF7 /* LaunchScreen.storyboard */,
				113D14EF1ECF2390001A9DF7 /* Info.plist */,
			);
			path = Programador;
			sourceTree = "<group>";
		};
		113D14F51ECF23C6001A9DF7 /* Home */ = {
			isa = PBXGroup;
			children = (
				11F79CE11ED4721A007F68E4 /* Cell */,
				113D14F61ECF23E1001A9DF7 /* HomeTableViewController.swift */,
			);
			name = Home;
			sourceTree = "<group>";
		};
		113D14F81ECF242C001A9DF7 /* Network */ = {
			isa = PBXGroup;
			children = (
				113D14FB1ECF3DD0001A9DF7 /* Model */,
				113D14F91ECF2470001A9DF7 /* Programer.swift */,
			);
			name = Network;
			sourceTree = "<group>";
		};
		113D14FB1ECF3DD0001A9DF7 /* Model */ = {
			isa = PBXGroup;
			children = (
				113D14FC1ECF3E12001A9DF7 /* Strip.swift */,
			);
			name = Model;
			sourceTree = "<group>";
		};
		119244601ED6710100C5347E /* Extension */ = {
			isa = PBXGroup;
			children = (
				119244631ED6718200C5347E /* Extension.swift */,
			);
			name = Extension;
			sourceTree = "<group>";
		};
		11F79CE11ED4721A007F68E4 /* Cell */ = {
			isa = PBXGroup;
			children = (
				11F79CE21ED4723A007F68E4 /* StripTableViewCell.swift */,
			);
			name = Cell;
			sourceTree = "<group>";
		};
		188F25F25913460703FE8412 /* Frameworks */ = {
			isa = PBXGroup;
			children = (
				C29D1BE921ACBD2EBD2F5F75 /* Pods_Programador.framework */,
			);
			name = Frameworks;
			sourceTree = "<group>";
		};
		8A21E5D25D0A7262FBE18D0A /* Pods */ = {
			isa = PBXGroup;
			children = (
				50CA44CB8A5F02FB70F1B029 /* Pods-Programador.debug.xcconfig */,
				04F61A652571335A2743133D /* Pods-Programador.release.xcconfig */,
			);
			name = Pods;
			sourceTree = "<group>";
		};
/* End PBXGroup section */

/* Begin PBXNativeTarget section */
		113D14DF1ECF2390001A9DF7 /* Programador */ = {
			isa = PBXNativeTarget;
			buildConfigurationList = 113D14F21ECF2390001A9DF7 /* Build configuration list for PBXNativeTarget "Programador" */;
			buildPhases = (
				88F6FED3ACA486B6B759BD79 /* [CP] Check Pods Manifest.lock */,
				113D14DC1ECF2390001A9DF7 /* Sources */,
				113D14DD1ECF2390001A9DF7 /* Frameworks */,
				113D14DE1ECF2390001A9DF7 /* Resources */,
				9AAF6394AD31C66F653F9BAA /* [CP] Embed Pods Frameworks */,
				A08310348A8D5DAFA7884B2C /* [CP] Copy Pods Resources */,
			);
			buildRules = (
			);
			dependencies = (
			);
			name = Programador;
			productName = Programador;
			productReference = 113D14E01ECF2390001A9DF7 /* Programador.app */;
			productType = "com.apple.product-type.application";
		};
/* End PBXNativeTarget section */

/* Begin PBXProject section */
		113D14D81ECF2390001A9DF7 /* Project object */ = {
			isa = PBXProject;
			attributes = {
				LastSwiftUpdateCheck = 0830;
				LastUpgradeCheck = 0830;
				ORGANIZATIONNAME = "Creative Dev";
				TargetAttributes = {
					113D14DF1ECF2390001A9DF7 = {
						CreatedOnToolsVersion = 8.3.2;
						DevelopmentTeam = PR4H86B79Z;
						ProvisioningStyle = Automatic;
						SystemCapabilities = {
							com.apple.Push = {
								enabled = 1;
							};
						};
					};
				};
			};
			buildConfigurationList = 113D14DB1ECF2390001A9DF7 /* Build configuration list for PBXProject "Programador" */;
			compatibilityVersion = "Xcode 3.2";
			developmentRegion = English;
			hasScannedForEncodings = 0;
			knownRegions = (
				en,
				Base,
			);
			mainGroup = 113D14D71ECF2390001A9DF7;
			productRefGroup = 113D14E11ECF2390001A9DF7 /* Products */;
			projectDirPath = "";
			projectRoot = "";
			targets = (
				113D14DF1ECF2390001A9DF7 /* Programador */,
			);
		};
/* End PBXProject section */

/* Begin PBXResourcesBuildPhase section */
		113D14DE1ECF2390001A9DF7 /* Resources */ = {
			isa = PBXResourcesBuildPhase;
			buildActionMask = 2147483647;
			files = (
				113D14EE1ECF2390001A9DF7 /* LaunchScreen.storyboard in Resources */,
				113D14EB1ECF2390001A9DF7 /* Assets.xcassets in Resources */,
				113D14E91ECF2390001A9DF7 /* Main.storyboard in Resources */,
			);
			runOnlyForDeploymentPostprocessing = 0;
		};
/* End PBXResourcesBuildPhase section */

/* Begin PBXShellScriptBuildPhase section */
		88F6FED3ACA486B6B759BD79 /* [CP] Check Pods Manifest.lock */ = {
			isa = PBXShellScriptBuildPhase;
			buildActionMask = 2147483647;
			files = (
			);
			inputPaths = (
			);
			name = "[CP] Check Pods Manifest.lock";
			outputPaths = (
			);
			runOnlyForDeploymentPostprocessing = 0;
			shellPath = /bin/sh;
			shellScript = "diff \"${PODS_ROOT}/../Podfile.lock\" \"${PODS_ROOT}/Manifest.lock\" > /dev/null\nif [ $? != 0 ] ; then\n    # print error to STDERR\n    echo \"error: The sandbox is not in sync with the Podfile.lock. Run 'pod install' or update your CocoaPods installation.\" >&2\n    exit 1\nfi\n";
			showEnvVarsInLog = 0;
		};
		9AAF6394AD31C66F653F9BAA /* [CP] Embed Pods Frameworks */ = {
			isa = PBXShellScriptBuildPhase;
			buildActionMask = 2147483647;
			files = (
			);
			inputPaths = (
			);
			name = "[CP] Embed Pods Frameworks";
			outputPaths = (
			);
			runOnlyForDeploymentPostprocessing = 0;
			shellPath = /bin/sh;
			shellScript = "\"${SRCROOT}/Pods/Target Support Files/Pods-Programador/Pods-Programador-frameworks.sh\"\n";
			showEnvVarsInLog = 0;
		};
		A08310348A8D5DAFA7884B2C /* [CP] Copy Pods Resources */ = {
			isa = PBXShellScriptBuildPhase;
			buildActionMask = 2147483647;
			files = (
			);
			inputPaths = (
			);
			name = "[CP] Copy Pods Resources";
			outputPaths = (
			);
			runOnlyForDeploymentPostprocessing = 0;
			shellPath = /bin/sh;
			shellScript = "\"${SRCROOT}/Pods/Target Support Files/Pods-Programador/Pods-Programador-resources.sh\"\n";
			showEnvVarsInLog = 0;
		};
/* End PBXShellScriptBuildPhase section */

/* Begin PBXSourcesBuildPhase section */
		113D14DC1ECF2390001A9DF7 /* Sources */ = {
			isa = PBXSourcesBuildPhase;
			buildActionMask = 2147483647;
			files = (
				113D14FD1ECF3E12001A9DF7 /* Strip.swift in Sources */,
				119244641ED6718200C5347E /* Extension.swift in Sources */,
				113D14F71ECF23E1001A9DF7 /* HomeTableViewController.swift in Sources */,
				113D14FA1ECF2470001A9DF7 /* Programer.swift in Sources */,
				11F79CE31ED4723A007F68E4 /* StripTableViewCell.swift in Sources */,
				113D14E41ECF2390001A9DF7 /* AppDelegate.swift in Sources */,
			);
			runOnlyForDeploymentPostprocessing = 0;
		};
/* End PBXSourcesBuildPhase section */

/* Begin PBXVariantGroup section */
		113D14E71ECF2390001A9DF7 /* Main.storyboard */ = {
			isa = PBXVariantGroup;
			children = (
				113D14E81ECF2390001A9DF7 /* Base */,
			);
			name = Main.storyboard;
			sourceTree = "<group>";
		};
		113D14EC1ECF2390001A9DF7 /* LaunchScreen.storyboard */ = {
			isa = PBXVariantGroup;
			children = (
				113D14ED1ECF2390001A9DF7 /* Base */,
			);
			name = LaunchScreen.storyboard;
			sourceTree = "<group>";
		};
/* End PBXVariantGroup section */

/* Begin XCBuildConfiguration section */
		113D14F01ECF2390001A9DF7 /* Debug */ = {
			isa = XCBuildConfiguration;
			buildSettings = {
				ALWAYS_SEARCH_USER_PATHS = NO;
				CLANG_ANALYZER_NONNULL = YES;
				CLANG_ANALYZER_NUMBER_OBJECT_CONVERSION = YES_AGGRESSIVE;
				CLANG_CXX_LANGUAGE_STANDARD = "gnu++0x";
				CLANG_CXX_LIBRARY = "libc++";
				CLANG_ENABLE_MODULES = YES;
				CLANG_ENABLE_OBJC_ARC = YES;
				CLANG_WARN_BOOL_CONVERSION = YES;
				CLANG_WARN_CONSTANT_CONVERSION = YES;
				CLANG_WARN_DIRECT_OBJC_ISA_USAGE = YES_ERROR;
				CLANG_WARN_DOCUMENTATION_COMMENTS = YES;
				CLANG_WARN_EMPTY_BODY = YES;
				CLANG_WARN_ENUM_CONVERSION = YES;
				CLANG_WARN_INFINITE_RECURSION = YES;
				CLANG_WARN_INT_CONVERSION = YES;
				CLANG_WARN_OBJC_ROOT_CLASS = YES_ERROR;
				CLANG_WARN_SUSPICIOUS_MOVE = YES;
				CLANG_WARN_UNREACHABLE_CODE = YES;
				CLANG_WARN__DUPLICATE_METHOD_MATCH = YES;
				"CODE_SIGN_IDENTITY[sdk=iphoneos*]" = "iPhone Developer";
				COPY_PHASE_STRIP = NO;
				DEBUG_INFORMATION_FORMAT = dwarf;
				ENABLE_STRICT_OBJC_MSGSEND = YES;
				ENABLE_TESTABILITY = YES;
				GCC_C_LANGUAGE_STANDARD = gnu99;
				GCC_DYNAMIC_NO_PIC = NO;
				GCC_NO_COMMON_BLOCKS = YES;
				GCC_OPTIMIZATION_LEVEL = 0;
				GCC_PREPROCESSOR_DEFINITIONS = (
					"DEBUG=1",
					"$(inherited)",
				);
				GCC_WARN_64_TO_32_BIT_CONVERSION = YES;
				GCC_WARN_ABOUT_RETURN_TYPE = YES_ERROR;
				GCC_WARN_UNDECLARED_SELECTOR = YES;
				GCC_WARN_UNINITIALIZED_AUTOS = YES_AGGRESSIVE;
				GCC_WARN_UNUSED_FUNCTION = YES;
				GCC_WARN_UNUSED_VARIABLE = YES;
				IPHONEOS_DEPLOYMENT_TARGET = 10.3;
				MTL_ENABLE_DEBUG_INFO = YES;
				ONLY_ACTIVE_ARCH = YES;
				SDKROOT = iphoneos;
				SWIFT_ACTIVE_COMPILATION_CONDITIONS = DEBUG;
				SWIFT_OPTIMIZATION_LEVEL = "-Onone";
			};
			name = Debug;
		};
		113D14F11ECF2390001A9DF7 /* Release */ = {
			isa = XCBuildConfiguration;
			buildSettings = {
				ALWAYS_SEARCH_USER_PATHS = NO;
				CLANG_ANALYZER_NONNULL = YES;
				CLANG_ANALYZER_NUMBER_OBJECT_CONVERSION = YES_AGGRESSIVE;
				CLANG_CXX_LANGUAGE_STANDARD = "gnu++0x";
				CLANG_CXX_LIBRARY = "libc++";
				CLANG_ENABLE_MODULES = YES;
				CLANG_ENABLE_OBJC_ARC = YES;
				CLANG_WARN_BOOL_CONVERSION = YES;
				CLANG_WARN_CONSTANT_CONVERSION = YES;
				CLANG_WARN_DIRECT_OBJC_ISA_USAGE = YES_ERROR;
				CLANG_WARN_DOCUMENTATION_COMMENTS = YES;
				CLANG_WARN_EMPTY_BODY = YES;
				CLANG_WARN_ENUM_CONVERSION = YES;
				CLANG_WARN_INFINITE_RECURSION = YES;
				CLANG_WARN_INT_CONVERSION = YES;
				CLANG_WARN_OBJC_ROOT_CLASS = YES_ERROR;
				CLANG_WARN_SUSPICIOUS_MOVE = YES;
				CLANG_WARN_UNREACHABLE_CODE = YES;
				CLANG_WARN__DUPLICATE_METHOD_MATCH = YES;
				"CODE_SIGN_IDENTITY[sdk=iphoneos*]" = "iPhone Developer";
				COPY_PHASE_STRIP = NO;
				DEBUG_INFORMATION_FORMAT = "dwarf-with-dsym";
				ENABLE_NS_ASSERTIONS = NO;
				ENABLE_STRICT_OBJC_MSGSEND = YES;
				GCC_C_LANGUAGE_STANDARD = gnu99;
				GCC_NO_COMMON_BLOCKS = YES;
				GCC_WARN_64_TO_32_BIT_CONVERSION = YES;
				GCC_WARN_ABOUT_RETURN_TYPE = YES_ERROR;
				GCC_WARN_UNDECLARED_SELECTOR = YES;
				GCC_WARN_UNINITIALIZED_AUTOS = YES_AGGRESSIVE;
				GCC_WARN_UNUSED_FUNCTION = YES;
				GCC_WARN_UNUSED_VARIABLE = YES;
				IPHONEOS_DEPLOYMENT_TARGET = 10.3;
				MTL_ENABLE_DEBUG_INFO = NO;
				SDKROOT = iphoneos;
				SWIFT_OPTIMIZATION_LEVEL = "-Owholemodule";
				VALIDATE_PRODUCT = YES;
			};
			name = Release;
		};
		113D14F31ECF2390001A9DF7 /* Debug */ = {
			isa = XCBuildConfiguration;
			baseConfigurationReference = 50CA44CB8A5F02FB70F1B029 /* Pods-Programador.debug.xcconfig */;
			buildSettings = {
				ASSETCATALOG_COMPILER_APPICON_NAME = AppIcon;
				CODE_SIGN_ENTITLEMENTS = Programador/Programador.entitlements;
				DEVELOPMENT_TEAM = PR4H86B79Z;
				INFOPLIST_FILE = Programador/Info.plist;
				LD_RUNPATH_SEARCH_PATHS = "$(inherited) @executable_path/Frameworks";
				PRODUCT_BUNDLE_IDENTIFIER = br.com.creativedev.Programador;
				PRODUCT_NAME = "$(TARGET_NAME)";
				SWIFT_VERSION = 3.0;
			};
			name = Debug;
		};
		113D14F41ECF2390001A9DF7 /* Release */ = {
			isa = XCBuildConfiguration;
			baseConfigurationReference = 04F61A652571335A2743133D /* Pods-Programador.release.xcconfig */;
			buildSettings = {
				ASSETCATALOG_COMPILER_APPICON_NAME = AppIcon;
				CODE_SIGN_ENTITLEMENTS = Programador/Programador.entitlements;
				DEVELOPMENT_TEAM = PR4H86B79Z;
				INFOPLIST_FILE = Programador/Info.plist;
				LD_RUNPATH_SEARCH_PATHS = "$(inherited) @executable_path/Frameworks";
				PRODUCT_BUNDLE_IDENTIFIER = br.com.creativedev.Programador;
				PRODUCT_NAME = "$(TARGET_NAME)";
				SWIFT_VERSION = 3.0;
			};
			name = Release;
		};
/* End XCBuildConfiguration section */

/* Begin XCConfigurationList section */
		113D14DB1ECF2390001A9DF7 /* Build configuration list for PBXProject "Programador" */ = {
			isa = XCConfigurationList;
			buildConfigurations = (
				113D14F01ECF2390001A9DF7 /* Debug */,
				113D14F11ECF2390001A9DF7 /* Release */,
			);
			defaultConfigurationIsVisible = 0;
			defaultConfigurationName = Release;
		};
		113D14F21ECF2390001A9DF7 /* Build configuration list for PBXNativeTarget "Programador" */ = {
			isa = XCConfigurationList;
			buildConfigurations = (
				113D14F31ECF2390001A9DF7 /* Debug */,
				113D14F41ECF2390001A9DF7 /* Release */,
			);
			defaultConfigurationIsVisible = 0;
			defaultConfigurationName = Release;
		};
/* End XCConfigurationList section */
	};
	rootObject = 113D14D81ECF2390001A9DF7 /* Project object */;
}
